
Microsoft Visual Studio Solution File, Format Version 12.00
# Visual Studio Version 16
VisualStudioVersion = 16.0.32602.291
MinimumVisualStudioVersion = 10.0.40219.1
Project("{9A19103F-16F7-4668-BE54-9A1E7A4F7556}") = "LibraryApp", "ConsoleAppTest\LibraryApp.csproj", "{6A25A78E-AF50-4334-92E7-52FAE135185F}"
EndProject
Project("{9A19103F-16F7-4668-BE54-9A1E7A4F7556}") = "Domain", "Domain\Domain.csproj", "{7359C0B7-3A30-4B38-A700-C25DA99B9A2B}"
EndProject
Project("{9A19103F-16F7-4668-BE54-9A1E7A4F7556}") = "Repository", "Repository\Repository.csproj", "{3B5B3EAF-2335-4604-ABE3-135FC02AFA32}"
EndProject
Project("{FAE04EC0-301F-11D3-BF4B-00C04F79EFBC}") = "Service", "Service\Service.csproj", "{1931CBEB-17F4-48ED-82E6-B44751C56F5B}"
EndProject
Global
	GlobalSection(SolutionConfigurationPlatforms) = preSolution
		Debug|Any CPU = Debug|Any CPU
		Release|Any CPU = Release|Any CPU
	EndGlobalSection
	GlobalSection(ProjectConfigurationPlatforms) = postSolution
		{6A25A78E-AF50-4334-92E7-52FAE135185F}.Debug|Any CPU.ActiveCfg = Debug|Any CPU
		{6A25A78E-AF50-4334-92E7-52FAE135185F}.Debug|Any CPU.Build.0 = Debug|Any CPU
		{6A25A78E-AF50-4334-92E7-52FAE135185F}.Release|Any CPU.ActiveCfg = Release|Any CPU
		{6A25A78E-AF50-4334-92E7-52FAE135185F}.Release|Any CPU.Build.0 = Release|Any CPU
		{7359C0B7-3A30-4B38-A700-C25DA99B9A2B}.Debug|Any CPU.ActiveCfg = Debug|Any CPU
		{7359C0B7-3A30-4B38-A700-C25DA99B9A2B}.Debug|Any CPU.Build.0 = Debug|Any CPU
		{7359C0B7-3A30-4B38-A700-C25DA99B9A2B}.Release|Any CPU.ActiveCfg = Release|Any CPU
		{7359C0B7-3A30-4B38-A700-C25DA99B9A2B}.Release|Any CPU.Build.0 = Release|Any CPU
		{3B5B3EAF-2335-4604-ABE3-135FC02AFA32}.Debug|Any CPU.ActiveCfg = Debug|Any CPU
		{3B5B3EAF-2335-4604-ABE3-135FC02AFA32}.Debug|Any CPU.Build.0 = Debug|Any CPU
		{3B5B3EAF-2335-4604-ABE3-135FC02AFA32}.Release|Any CPU.ActiveCfg = Release|Any CPU
		{3B5B3EAF-2335-4604-ABE3-135FC02AFA32}.Release|Any CPU.Build.0 = Release|Any CPU
		{1931CBEB-17F4-48ED-82E6-B44751C56F5B}.Debug|Any CPU.ActiveCfg = Debug|Any CPU
		{1931CBEB-17F4-48ED-82E6-B44751C56F5B}.Debug|Any CPU.Build.0 = Debug|Any CPU
		{1931CBEB-17F4-48ED-82E6-B44751C56F5B}.Release|Any CPU.ActiveCfg = Release|Any CPU
		{1931CBEB-17F4-48ED-82E6-B44751C56F5B}.Release|Any CPU.Build.0 = Release|Any CPU
	EndGlobalSection
	GlobalSection(SolutionProperties) = preSolution
		HideSolutionNode = FALSE
	EndGlobalSection
	GlobalSection(ExtensibilityGlobals) = postSolution
		SolutionGuid = {96EBA7E2-73EC-4089-A070-C0E031F31856}
	EndGlobalSection
EndGlobal
